
Microsoft Visual Studio Solution File, Format Version 12.00
# Visual Studio Version 16
VisualStudioVersion = 16.0.31702.278
MinimumVisualStudioVersion = 10.0.40219.1
Project("{9A19103F-16F7-4668-BE54-9A1E7A4F7556}") = "KampIntro", "KampIntro\KampIntro.csproj", "{A0725111-2FD4-4919-885E-F7DCFD67E68A}"
EndProject
Project("{9A19103F-16F7-4668-BE54-9A1E7A4F7556}") = "Donguler", "Donguler\Donguler.csproj", "{66EC209E-39BF-4262-8D74-97EA1685D56F}"
EndProject
Project("{9A19103F-16F7-4668-BE54-9A1E7A4F7556}") = "ClassIntro", "ClassIntro\ClassIntro.csproj", "{AF06AEC3-98EF-41B3-A485-D36C498AFF1F}"
EndProject
Project("{9A19103F-16F7-4668-BE54-9A1E7A4F7556}") = "Metotlar", "Metotlar\Metotlar.csproj", "{C974C69E-6A70-491B-B702-2D734AE62D17}"
EndProject
Project("{9A19103F-16F7-4668-BE54-9A1E7A4F7556}") = "Matematik", "Matematik\Matematik.csproj", "{668E1B08-FD3D-4167-9A8A-0679752E0E2F}"
EndProject
Project("{FAE04EC0-301F-11D3-BF4B-00C04F79EFBC}") = "DegerVeRefereanTipler", "DegerVeRefereanTipler\DegerVeRefereanTipler.csproj", "{A86AEC65-F2B4-409E-B042-6BF5D483EB30}"
EndProject
Global
	GlobalSection(SolutionConfigurationPlatforms) = preSolution
		Debug|Any CPU = Debug|Any CPU
		Release|Any CPU = Release|Any CPU
	EndGlobalSection
	GlobalSection(ProjectConfigurationPlatforms) = postSolution
		{A0725111-2FD4-4919-885E-F7DCFD67E68A}.Debug|Any CPU.ActiveCfg = Debug|Any CPU
		{A0725111-2FD4-4919-885E-F7DCFD67E68A}.Debug|Any CPU.Build.0 = Debug|Any CPU
		{A0725111-2FD4-4919-885E-F7DCFD67E68A}.Release|Any CPU.ActiveCfg = Release|Any CPU
		{A0725111-2FD4-4919-885E-F7DCFD67E68A}.Release|Any CPU.Build.0 = Release|Any CPU
		{66EC209E-39BF-4262-8D74-97EA1685D56F}.Debug|Any CPU.ActiveCfg = Debug|Any CPU
		{66EC209E-39BF-4262-8D74-97EA1685D56F}.Debug|Any CPU.Build.0 = Debug|Any CPU
		{66EC209E-39BF-4262-8D74-97EA1685D56F}.Release|Any CPU.ActiveCfg = Release|Any CPU
		{66EC209E-39BF-4262-8D74-97EA1685D56F}.Release|Any CPU.Build.0 = Release|Any CPU
		{AF06AEC3-98EF-41B3-A485-D36C498AFF1F}.Debug|Any CPU.ActiveCfg = Debug|Any CPU
		{AF06AEC3-98EF-41B3-A485-D36C498AFF1F}.Debug|Any CPU.Build.0 = Debug|Any CPU
		{AF06AEC3-98EF-41B3-A485-D36C498AFF1F}.Release|Any CPU.ActiveCfg = Release|Any CPU
		{AF06AEC3-98EF-41B3-A485-D36C498AFF1F}.Release|Any CPU.Build.0 = Release|Any CPU
		{C974C69E-6A70-491B-B702-2D734AE62D17}.Debug|Any CPU.ActiveCfg = Debug|Any CPU
		{C974C69E-6A70-491B-B702-2D734AE62D17}.Debug|Any CPU.Build.0 = Debug|Any CPU
		{C974C69E-6A70-491B-B702-2D734AE62D17}.Release|Any CPU.ActiveCfg = Release|Any CPU
		{C974C69E-6A70-491B-B702-2D734AE62D17}.Release|Any CPU.Build.0 = Release|Any CPU
		{668E1B08-FD3D-4167-9A8A-0679752E0E2F}.Debug|Any CPU.ActiveCfg = Debug|Any CPU
		{668E1B08-FD3D-4167-9A8A-0679752E0E2F}.Debug|Any CPU.Build.0 = Debug|Any CPU
		{668E1B08-FD3D-4167-9A8A-0679752E0E2F}.Release|Any CPU.ActiveCfg = Release|Any CPU
		{668E1B08-FD3D-4167-9A8A-0679752E0E2F}.Release|Any CPU.Build.0 = Release|Any CPU
		{A86AEC65-F2B4-409E-B042-6BF5D483EB30}.Debug|Any CPU.ActiveCfg = Debug|Any CPU
		{A86AEC65-F2B4-409E-B042-6BF5D483EB30}.Debug|Any CPU.Build.0 = Debug|Any CPU
		{A86AEC65-F2B4-409E-B042-6BF5D483EB30}.Release|Any CPU.ActiveCfg = Release|Any CPU
		{A86AEC65-F2B4-409E-B042-6BF5D483EB30}.Release|Any CPU.Build.0 = Release|Any CPU
	EndGlobalSection
	GlobalSection(SolutionProperties) = preSolution
		HideSolutionNode = FALSE
	EndGlobalSection
	GlobalSection(ExtensibilityGlobals) = postSolution
		SolutionGuid = {0457609D-8831-4BA1-8131-866FEFAFDB08}
	EndGlobalSection
EndGlobal
